// !$*UTF8*$!
{
	archiveVersion = 1;
	classes = {
	};
	objectVersion = 46;
	objects = {

/* Begin PBXBuildFile section */
		52CBFBF61C435033007134B1 /* AppDelegate.swift in Sources */ = {isa = PBXBuildFile; fileRef = 52CBFBF51C435033007134B1 /* AppDelegate.swift */; };
		52CBFBF81C435033007134B1 /* ViewController.swift in Sources */ = {isa = PBXBuildFile; fileRef = 52CBFBF71C435033007134B1 /* ViewController.swift */; };
		52CBFBFB1C435033007134B1 /* Main.storyboard in Resources */ = {isa = PBXBuildFile; fileRef = 52CBFBF91C435033007134B1 /* Main.storyboard */; };
		52CBFBFD1C435033007134B1 /* Assets.xcassets in Resources */ = {isa = PBXBuildFile; fileRef = 52CBFBFC1C435033007134B1 /* Assets.xcassets */; };
		52CBFC001C435033007134B1 /* LaunchScreen.storyboard in Resources */ = {isa = PBXBuildFile; fileRef = 52CBFBFE1C435033007134B1 /* LaunchScreen.storyboard */; };
		52CBFC0B1C435033007134B1 /* HamburguesasTests.swift in Sources */ = {isa = PBXBuildFile; fileRef = 52CBFC0A1C435033007134B1 /* HamburguesasTests.swift */; };
		52CBFC161C435033007134B1 /* HamburguesasUITests.swift in Sources */ = {isa = PBXBuildFile; fileRef = 52CBFC151C435033007134B1 /* HamburguesasUITests.swift */; };
		52CBFC241C43512D007134B1 /* Datos.swift in Sources */ = {isa = PBXBuildFile; fileRef = 52CBFC231C43512D007134B1 /* Datos.swift */; };
/* End PBXBuildFile section */

/* Begin PBXContainerItemProxy section */
		52CBFC071C435033007134B1 /* PBXContainerItemProxy */ = {
			isa = PBXContainerItemProxy;
			containerPortal = 52CBFBEA1C435033007134B1 /* Project object */;
			proxyType = 1;
			remoteGlobalIDString = 52CBFBF11C435033007134B1;
			remoteInfo = Hamburguesas;
		};
		52CBFC121C435033007134B1 /* PBXContainerItemProxy */ = {
			isa = PBXContainerItemProxy;
			containerPortal = 52CBFBEA1C435033007134B1 /* Project object */;
			proxyType = 1;
			remoteGlobalIDString = 52CBFBF11C435033007134B1;
			remoteInfo = Hamburguesas;
		};
/* End PBXContainerItemProxy section */

/* Begin PBXFileReference section */
		52CBFBF21C435033007134B1 /* Hamburguesas.app */ = {isa = PBXFileReference; explicitFileType = wrapper.application; includeInIndex = 0; path = Hamburguesas.app; sourceTree = BUILT_PRODUCTS_DIR; };
		52CBFBF51C435033007134B1 /* AppDelegate.swift */ = {isa = PBXFileReference; lastKnownFileType = sourcecode.swift; path = AppDelegate.swift; sourceTree = "<group>"; };
		52CBFBF71C435033007134B1 /* ViewController.swift */ = {isa = PBXFileReference; lastKnownFileType = sourcecode.swift; path = ViewController.swift; sourceTree = "<group>"; };
		52CBFBFA1C435033007134B1 /* Base */ = {isa = PBXFileReference; lastKnownFileType = file.storyboard; name = Base; path = Base.lproj/Main.storyboard; sourceTree = "<group>"; };
		52CBFBFC1C435033007134B1 /* Assets.xcassets */ = {isa = PBXFileReference; lastKnownFileType = folder.assetcatalog; path = Assets.xcassets; sourceTree = "<group>"; };
		52CBFBFF1C435033007134B1 /* Base */ = {isa = PBXFileReference; lastKnownFileType = file.storyboard; name = Base; path = Base.lproj/LaunchScreen.storyboard; sourceTree = "<group>"; };
		52CBFC011C435033007134B1 /* Info.plist */ = {isa = PBXFileReference; lastKnownFileType = text.plist.xml; path = Info.plist; sourceTree = "<group>"; };
		52CBFC061C435033007134B1 /* HamburguesasTests.xctest */ = {isa = PBXFileReference; explicitFileType = wrapper.cfbundle; includeInIndex = 0; path = HamburguesasTests.xctest; sourceTree = BUILT_PRODUCTS_DIR; };
		52CBFC0A1C435033007134B1 /* HamburguesasTests.swift */ = {isa = PBXFileReference; lastKnownFileType = sourcecode.swift; path = HamburguesasTests.swift; sourceTree = "<group>"; };
		52CBFC0C1C435033007134B1 /* Info.plist */ = {isa = PBXFileReference; lastKnownFileType = text.plist.xml; path = Info.plist; sourceTree = "<group>"; };
		52CBFC111C435033007134B1 /* HamburguesasUITests.xctest */ = {isa = PBXFileReference; explicitFileType = wrapper.cfbundle; includeInIndex = 0; path = HamburguesasUITests.xctest; sourceTree = BUILT_PRODUCTS_DIR; };
		52CBFC151C435033007134B1 /* HamburguesasUITests.swift */ = {isa = PBXFileReference; lastKnownFileType = sourcecode.swift; path = HamburguesasUITests.swift; sourceTree = "<group>"; };
		52CBFC171C435033007134B1 /* Info.plist */ = {isa = PBXFileReference; lastKnownFileType = text.plist.xml; path = Info.plist; sourceTree = "<group>"; };
		52CBFC231C43512D007134B1 /* Datos.swift */ = {isa = PBXFileReference; fileEncoding = 4; lastKnownFileType = sourcecode.swift; path = Datos.swift; sourceTree = "<group>"; };
/* End PBXFileReference section */

/* Begin PBXFrameworksBuildPhase section */
		52CBFBEF1C435033007134B1 /* Frameworks */ = {
			isa = PBXFrameworksBuildPhase;
			buildActionMask = 2147483647;
			files = (
			);
			runOnlyForDeploymentPostprocessing = 0;
		};
		52CBFC031C435033007134B1 /* Frameworks */ = {
			isa = PBXFrameworksBuildPhase;
			buildActionMask = 2147483647;
			files = (
			);
			runOnlyForDeploymentPostprocessing = 0;
		};
		52CBFC0E1C435033007134B1 /* Frameworks */ = {
			isa = PBXFrameworksBuildPhase;
			buildActionMask = 2147483647;
			files = (
			);
			runOnlyForDeploymentPostprocessing = 0;
		};
/* End PBXFrameworksBuildPhase section */

/* Begin PBXGroup section */
		52CBFBE91C435033007134B1 = {
			isa = PBXGroup;
			children = (
				52CBFBF41C435033007134B1 /* Hamburguesas */,
				52CBFC091C435033007134B1 /* HamburguesasTests */,
				52CBFC141C435033007134B1 /* HamburguesasUITests */,
				52CBFBF31C435033007134B1 /* Products */,
			);
			sourceTree = "<group>";
		};
		52CBFBF31C435033007134B1 /* Products */ = {
			isa = PBXGroup;
			children = (
				52CBFBF21C435033007134B1 /* Hamburguesas.app */,
				52CBFC061C435033007134B1 /* HamburguesasTests.xctest */,
				52CBFC111C435033007134B1 /* HamburguesasUITests.xctest */,
			);
			name = Products;
			sourceTree = "<group>";
		};
		52CBFBF41C435033007134B1 /* Hamburguesas */ = {
			isa = PBXGroup;
			children = (
				52CBFBF51C435033007134B1 /* AppDelegate.swift */,
				52CBFBF71C435033007134B1 /* ViewController.swift */,
				52CBFBF91C435033007134B1 /* Main.storyboard */,
				52CBFBFC1C435033007134B1 /* Assets.xcassets */,
				52CBFBFE1C435033007134B1 /* LaunchScreen.storyboard */,
				52CBFC011C435033007134B1 /* Info.plist */,
				52CBFC231C43512D007134B1 /* Datos.swift */,
			);
			path = Hamburguesas;
			sourceTree = "<group>";
		};
		52CBFC091C435033007134B1 /* HamburguesasTests */ = {
			isa = PBXGroup;
			children = (
				52CBFC0A1C435033007134B1 /* HamburguesasTests.swift */,
				52CBFC0C1C435033007134B1 /* Info.plist */,
			);
			path = HamburguesasTests;
			sourceTree = "<group>";
		};
		52CBFC141C435033007134B1 /* HamburguesasUITests */ = {
			isa = PBXGroup;
			children = (
				52CBFC151C435033007134B1 /* HamburguesasUITests.swift */,
				52CBFC171C435033007134B1 /* Info.plist */,
			);
			path = HamburguesasUITests;
			sourceTree = "<group>";
		};
/* End PBXGroup section */

/* Begin PBXNativeTarget section */
		52CBFBF11C435033007134B1 /* Hamburguesas */ = {
			isa = PBXNativeTarget;
			buildConfigurationList = 52CBFC1A1C435033007134B1 /* Build configuration list for PBXNativeTarget "Hamburguesas" */;
			buildPhases = (
				52CBFBEE1C435033007134B1 /* Sources */,
				52CBFBEF1C435033007134B1 /* Frameworks */,
				52CBFBF01C435033007134B1 /* Resources */,
			);
			buildRules = (
			);
			dependencies = (
			);
			name = Hamburguesas;
			productName = Hamburguesas;
			productReference = 52CBFBF21C435033007134B1 /* Hamburguesas.app */;
			productType = "com.apple.product-type.application";
		};
		52CBFC051C435033007134B1 /* HamburguesasTests */ = {
			isa = PBXNativeTarget;
			buildConfigurationList = 52CBFC1D1C435033007134B1 /* Build configuration list for PBXNativeTarget "HamburguesasTests" */;
			buildPhases = (
				52CBFC021C435033007134B1 /* Sources */,
				52CBFC031C435033007134B1 /* Frameworks */,
				52CBFC041C435033007134B1 /* Resources */,
			);
			buildRules = (
			);
			dependencies = (
				52CBFC081C435033007134B1 /* PBXTargetDependency */,
			);
			name = HamburguesasTests;
			productName = HamburguesasTests;
			productReference = 52CBFC061C435033007134B1 /* HamburguesasTests.xctest */;
			productType = "com.apple.product-type.bundle.unit-test";
		};
		52CBFC101C435033007134B1 /* HamburguesasUITests */ = {
			isa = PBXNativeTarget;
			buildConfigurationList = 52CBFC201C435033007134B1 /* Build configuration list for PBXNativeTarget "HamburguesasUITests" */;
			buildPhases = (
				52CBFC0D1C435033007134B1 /* Sources */,
				52CBFC0E1C435033007134B1 /* Frameworks */,
				52CBFC0F1C435033007134B1 /* Resources */,
			);
			buildRules = (
			);
			dependencies = (
				52CBFC131C435033007134B1 /* PBXTargetDependency */,
			);
			name = HamburguesasUITests;
			productName = HamburguesasUITests;
			productReference = 52CBFC111C435033007134B1 /* HamburguesasUITests.xctest */;
			productType = "com.apple.product-type.bundle.ui-testing";
		};
/* End PBXNativeTarget section */

/* Begin PBXProject section */
		52CBFBEA1C435033007134B1 /* Project object */ = {
			isa = PBXProject;
			attributes = {
				LastSwiftUpdateCheck = 0720;
				LastUpgradeCheck = 0720;
				ORGANIZATIONNAME = gersoft;
				TargetAttributes = {
					52CBFBF11C435033007134B1 = {
						CreatedOnToolsVersion = 7.2;
					};
					52CBFC051C435033007134B1 = {
						CreatedOnToolsVersion = 7.2;
						TestTargetID = 52CBFBF11C435033007134B1;
					};
					52CBFC101C435033007134B1 = {
						CreatedOnToolsVersion = 7.2;
						TestTargetID = 52CBFBF11C435033007134B1;
					};
				};
			};
			buildConfigurationList = 52CBFBED1C435033007134B1 /* Build configuration list for PBXProject "Hamburguesas" */;
			compatibilityVersion = "Xcode 3.2";
			developmentRegion = English;
			hasScannedForEncodings = 0;
			knownRegions = (
				en,
				Base,
			);
			mainGroup = 52CBFBE91C435033007134B1;
			productRefGroup = 52CBFBF31C435033007134B1 /* Products */;
			projectDirPath = "";
			projectRoot = "";
			targets = (
				52CBFBF11C435033007134B1 /* Hamburguesas */,
				52CBFC051C435033007134B1 /* HamburguesasTests */,
				52CBFC101C435033007134B1 /* HamburguesasUITests */,
			);
		};
/* End PBXProject section */

/* Begin PBXResourcesBuildPhase section */
		52CBFBF01C435033007134B1 /* Resources */ = {
			isa = PBXResourcesBuildPhase;
			buildActionMask = 2147483647;
			files = (
				52CBFC001C435033007134B1 /* LaunchScreen.storyboard in Resources */,
				52CBFBFD1C435033007134B1 /* Assets.xcassets in Resources */,
				52CBFBFB1C435033007134B1 /* Main.storyboard in Resources */,
			);
			runOnlyForDeploymentPostprocessing = 0;
		};
		52CBFC041C435033007134B1 /* Resources */ = {
			isa = PBXResourcesBuildPhase;
			buildActionMask = 2147483647;
			files = (
			);
			runOnlyForDeploymentPostprocessing = 0;
		};
		52CBFC0F1C435033007134B1 /* Resources */ = {
			isa = PBXResourcesBuildPhase;
			buildActionMask = 2147483647;
			files = (
			);
			runOnlyForDeploymentPostprocessing = 0;
		};
/* End PBXResourcesBuildPhase section */

/* Begin PBXSourcesBuildPhase section */
		52CBFBEE1C435033007134B1 /* Sources */ = {
			isa = PBXSourcesBuildPhase;
			buildActionMask = 2147483647;
			files = (
				52CBFBF81C435033007134B1 /* ViewController.swift in Sources */,
				52CBFBF61C435033007134B1 /* AppDelegate.swift in Sources */,
				52CBFC241C43512D007134B1 /* Datos.swift in Sources */,
			);
			runOnlyForDeploymentPostprocessing = 0;
		};
		52CBFC021C435033007134B1 /* Sources */ = {
			isa = PBXSourcesBuildPhase;
			buildActionMask = 2147483647;
			files = (
				52CBFC0B1C435033007134B1 /* HamburguesasTests.swift in Sources */,
			);
			runOnlyForDeploymentPostprocessing = 0;
		};
		52CBFC0D1C435033007134B1 /* Sources */ = {
			isa = PBXSourcesBuildPhase;
			buildActionMask = 2147483647;
			files = (
				52CBFC161C435033007134B1 /* HamburguesasUITests.swift in Sources */,
			);
			runOnlyForDeploymentPostprocessing = 0;
		};
/* End PBXSourcesBuildPhase section */

/* Begin PBXTargetDependency section */
		52CBFC081C435033007134B1 /* PBXTargetDependency */ = {
			isa = PBXTargetDependency;
			target = 52CBFBF11C435033007134B1 /* Hamburguesas */;
			targetProxy = 52CBFC071C435033007134B1 /* PBXContainerItemProxy */;
		};
		52CBFC131C435033007134B1 /* PBXTargetDependency */ = {
			isa = PBXTargetDependency;
			target = 52CBFBF11C435033007134B1 /* Hamburguesas */;
			targetProxy = 52CBFC121C435033007134B1 /* PBXContainerItemProxy */;
		};
/* End PBXTargetDependency section */

/* Begin PBXVariantGroup section */
		52CBFBF91C435033007134B1 /* Main.storyboard */ = {
			isa = PBXVariantGroup;
			children = (
				52CBFBFA1C435033007134B1 /* Base */,
			);
			name = Main.storyboard;
			sourceTree = "<group>";
		};
		52CBFBFE1C435033007134B1 /* LaunchScreen.storyboard */ = {
			isa = PBXVariantGroup;
			children = (
				52CBFBFF1C435033007134B1 /* Base */,
			);
			name = LaunchScreen.storyboard;
			sourceTree = "<group>";
		};
/* End PBXVariantGroup section */

/* Begin XCBuildConfiguration section */
		52CBFC181C435033007134B1 /* Debug */ = {
			isa = XCBuildConfiguration;
			buildSettings = {
				ALWAYS_SEARCH_USER_PATHS = NO;
				CLANG_CXX_LANGUAGE_STANDARD = "gnu++0x";
				CLANG_CXX_LIBRARY = "libc++";
				CLANG_ENABLE_MODULES = YES;
				CLANG_ENABLE_OBJC_ARC = YES;
				CLANG_WARN_BOOL_CONVERSION = YES;
				CLANG_WARN_CONSTANT_CONVERSION = YES;
				CLANG_WARN_DIRECT_OBJC_ISA_USAGE = YES_ERROR;
				CLANG_WARN_EMPTY_BODY = YES;
				CLANG_WARN_ENUM_CONVERSION = YES;
				CLANG_WARN_INT_CONVERSION = YES;
				CLANG_WARN_OBJC_ROOT_CLASS = YES_ERROR;
				CLANG_WARN_UNREACHABLE_CODE = YES;
				CLANG_WARN__DUPLICATE_METHOD_MATCH = YES;
				"CODE_SIGN_IDENTITY[sdk=iphoneos*]" = "iPhone Developer";
				COPY_PHASE_STRIP = NO;
				DEBUG_INFORMATION_FORMAT = dwarf;
				ENABLE_STRICT_OBJC_MSGSEND = YES;
				ENABLE_TESTABILITY = YES;
				GCC_C_LANGUAGE_STANDARD = gnu99;
				GCC_DYNAMIC_NO_PIC = NO;
				GCC_NO_COMMON_BLOCKS = YES;
				GCC_OPTIMIZATION_LEVEL = 0;
				GCC_PREPROCESSOR_DEFINITIONS = (
					"DEBUG=1",
					"$(inherited)",
				);
				GCC_WARN_64_TO_32_BIT_CONVERSION = YES;
				GCC_WARN_ABOUT_RETURN_TYPE = YES_ERROR;
				GCC_WARN_UNDECLARED_SELECTOR = YES;
				GCC_WARN_UNINITIALIZED_AUTOS = YES_AGGRESSIVE;
				GCC_WARN_UNUSED_FUNCTION = YES;
				GCC_WARN_UNUSED_VARIABLE = YES;
				IPHONEOS_DEPLOYMENT_TARGET = 9.2;
				MTL_ENABLE_DEBUG_INFO = YES;
				ONLY_ACTIVE_ARCH = YES;
				SDKROOT = iphoneos;
				SWIFT_OPTIMIZATION_LEVEL = "-Onone";
			};
			name = Debug;
		};
		52CBFC191C435033007134B1 /* Release */ = {
			isa = XCBuildConfiguration;
			buildSettings = {
				ALWAYS_SEARCH_USER_PATHS = NO;
				CLANG_CXX_LANGUAGE_STANDARD = "gnu++0x";
				CLANG_CXX_LIBRARY = "libc++";
				CLANG_ENABLE_MODULES = YES;
				CLANG_ENABLE_OBJC_ARC = YES;
				CLANG_WARN_BOOL_CONVERSION = YES;
				CLANG_WARN_CONSTANT_CONVERSION = YES;
				CLANG_WARN_DIRECT_OBJC_ISA_USAGE = YES_ERROR;
				CLANG_WARN_EMPTY_BODY = YES;
				CLANG_WARN_ENUM_CONVERSION = YES;
				CLANG_WARN_INT_CONVERSION = YES;
				CLANG_WARN_OBJC_ROOT_CLASS = YES_ERROR;
				CLANG_WARN_UNREACHABLE_CODE = YES;
				CLANG_WARN__DUPLICATE_METHOD_MATCH = YES;
				"CODE_SIGN_IDENTITY[sdk=iphoneos*]" = "iPhone Developer";
				COPY_PHASE_STRIP = NO;
				DEBUG_INFORMATION_FORMAT = "dwarf-with-dsym";
				ENABLE_NS_ASSERTIONS = NO;
				ENABLE_STRICT_OBJC_MSGSEND = YES;
				GCC_C_LANGUAGE_STANDARD = gnu99;
				GCC_NO_COMMON_BLOCKS = YES;
				GCC_WARN_64_TO_32_BIT_CONVERSION = YES;
				GCC_WARN_ABOUT_RETURN_TYPE = YES_ERROR;
				GCC_WARN_UNDECLARED_SELECTOR = YES;
				GCC_WARN_UNINITIALIZED_AUTOS = YES_AGGRESSIVE;
				GCC_WARN_UNUSED_FUNCTION = YES;
				GCC_WARN_UNUSED_VARIABLE = YES;
				IPHONEOS_DEPLOYMENT_TARGET = 9.2;
				MTL_ENABLE_DEBUG_INFO = NO;
				SDKROOT = iphoneos;
				VALIDATE_PRODUCT = YES;
			};
			name = Release;
		};
		52CBFC1B1C435033007134B1 /* Debug */ = {
			isa = XCBuildConfiguration;
			buildSettings = {
				ASSETCATALOG_COMPILER_APPICON_NAME = AppIcon;
				INFOPLIST_FILE = Hamburguesas/Info.plist;
				LD_RUNPATH_SEARCH_PATHS = "$(inherited) @executable_path/Frameworks";
				PRODUCT_BUNDLE_IDENTIFIER = co.gersoft.Hamburguesas;
				PRODUCT_NAME = "$(TARGET_NAME)";
			};
			name = Debug;
		};
		52CBFC1C1C435033007134B1 /* Release */ = {
			isa = XCBuildConfiguration;
			buildSettings = {
				ASSETCATALOG_COMPILER_APPICON_NAME = AppIcon;
				INFOPLIST_FILE = Hamburguesas/Info.plist;
				LD_RUNPATH_SEARCH_PATHS = "$(inherited) @executable_path/Frameworks";
				PRODUCT_BUNDLE_IDENTIFIER = co.gersoft.Hamburguesas;
				PRODUCT_NAME = "$(TARGET_NAME)";
			};
			name = Release;
		};
		52CBFC1E1C435033007134B1 /* Debug */ = {
			isa = XCBuildConfiguration;
			buildSettings = {
				BUNDLE_LOADER = "$(TEST_HOST)";
				INFOPLIST_FILE = HamburguesasTests/Info.plist;
				LD_RUNPATH_SEARCH_PATHS = "$(inherited) @executable_path/Frameworks @loader_path/Frameworks";
				PRODUCT_BUNDLE_IDENTIFIER = co.gersoft.HamburguesasTests;
				PRODUCT_NAME = "$(TARGET_NAME)";
				TEST_HOST = "$(BUILT_PRODUCTS_DIR)/Hamburguesas.app/Hamburguesas";
			};
			name = Debug;
		};
		52CBFC1F1C435033007134B1 /* Release */ = {
			isa = XCBuildConfiguration;
			buildSettings = {
				BUNDLE_LOADER = "$(TEST_HOST)";
				INFOPLIST_FILE = HamburguesasTests/Info.plist;
				LD_RUNPATH_SEARCH_PATHS = "$(inherited) @executable_path/Frameworks @loader_path/Frameworks";
				PRODUCT_BUNDLE_IDENTIFIER = co.gersoft.HamburguesasTests;
				PRODUCT_NAME = "$(TARGET_NAME)";
				TEST_HOST = "$(BUILT_PRODUCTS_DIR)/Hamburguesas.app/Hamburguesas";
			};
			name = Release;
		};
		52CBFC211C435033007134B1 /* Debug */ = {
			isa = XCBuildConfiguration;
			buildSettings = {
				INFOPLIST_FILE = HamburguesasUITests/Info.plist;
				LD_RUNPATH_SEARCH_PATHS = "$(inherited) @executable_path/Frameworks @loader_path/Frameworks";
				PRODUCT_BUNDLE_IDENTIFIER = co.gersoft.HamburguesasUITests;
				PRODUCT_NAME = "$(TARGET_NAME)";
				TEST_TARGET_NAME = Hamburguesas;
				USES_XCTRUNNER = YES;
			};
			name = Debug;
		};
		52CBFC221C435033007134B1 /* Release */ = {
			isa = XCBuildConfiguration;
			buildSettings = {
				INFOPLIST_FILE = HamburguesasUITests/Info.plist;
				LD_RUNPATH_SEARCH_PATHS = "$(inherited) @executable_path/Frameworks @loader_path/Frameworks";
				PRODUCT_BUNDLE_IDENTIFIER = co.gersoft.HamburguesasUITests;
				PRODUCT_NAME = "$(TARGET_NAME)";
				TEST_TARGET_NAME = Hamburguesas;
				USES_XCTRUNNER = YES;
			};
			name = Release;
		};
/* End XCBuildConfiguration section */

/* Begin XCConfigurationList section */
		52CBFBED1C435033007134B1 /* Build configuration list for PBXProject "Hamburguesas" */ = {
			isa = XCConfigurationList;
			buildConfigurations = (
				52CBFC181C435033007134B1 /* Debug */,
				52CBFC191C435033007134B1 /* Release */,
			);
			defaultConfigurationIsVisible = 0;
			defaultConfigurationName = Release;
		};
		52CBFC1A1C435033007134B1 /* Build configuration list for PBXNativeTarget "Hamburguesas" */ = {
			isa = XCConfigurationList;
			buildConfigurations = (
				52CBFC1B1C435033007134B1 /* Debug */,
				52CBFC1C1C435033007134B1 /* Release */,
			);
			defaultConfigurationIsVisible = 0;
		};
		52CBFC1D1C435033007134B1 /* Build configuration list for PBXNativeTarget "HamburguesasTests" */ = {
			isa = XCConfigurationList;
			buildConfigurations = (
				52CBFC1E1C435033007134B1 /* Debug */,
				52CBFC1F1C435033007134B1 /* Release */,
			);
			defaultConfigurationIsVisible = 0;
		};
		52CBFC201C435033007134B1 /* Build configuration list for PBXNativeTarget "HamburguesasUITests" */ = {
			isa = XCConfigurationList;
			buildConfigurations = (
				52CBFC211C435033007134B1 /* Debug */,
				52CBFC221C435033007134B1 /* Release */,
			);
			defaultConfigurationIsVisible = 0;
		};
/* End XCConfigurationList section */
	};
	rootObject = 52CBFBEA1C435033007134B1 /* Project object */;
}
